<?xml version="1.0" encoding="utf-8"?>
<Project ToolsVersion="17.0" xmlns="http://schemas.microsoft.com/developer/msbuild/2003">
  <ItemGroup>
    <ClCompile Include="D:\SL295211\Comp305-Engine-SL295211\Engine\tests\project-benchmark\project-bench.cpp">
      <Filter>Source Files</Filter>
    </ClCompile>
  </ItemGroup>
  <ItemGroup>
    <CustomBuild Include="D:\SL295211\Comp305-Engine-SL295211\Engine\tests\project-benchmark\CMakeLists.txt" />
  </ItemGroup>
  <ItemGroup>
    <Filter Include="Source Files">
      <UniqueIdentifier>{5F165459-09E0-32A6-A71B-57ACAF5ECC6D}</UniqueIdentifier>
    </Filter>
  </ItemGroup>
</Project>
